{
  "object": {
    "pins": [
      {
        "package": "CleanReversi",
        "repositoryURL": "https://github.com/koher/clean-reversi-swift.git",
        "state": {
          "branch": null,
          "revision": "31e167db0393aa2de740bf36b11c499e0c15610c",
          "version": "0.1.0-alpha.3"
        }
      }
    ]
  },
  "version": 1
}
